{
  "version": 4,
  "terraform_version": "1.12.2",
  "serial": 197,
  "lineage": "48c3ee89-95b5-43e6-07cf-ab3b8cbd57a4",
  "outputs": {},
  "resources": [
    {
      "mode": "managed",
      "type": "azurerm_lb",
      "name": "private_lb",
      "provider": "provider[\"registry.terraform.io/hashicorp/azurerm\"]",
      "instances": [
        {
          "schema_version": 0,
          "attributes": {
            "edge_zone": "",
            "frontend_ip_configuration": [
              {
                "gateway_load_balancer_frontend_ip_configuration_id": "",
                "id": "/subscriptions/52c1c7f5-b02e-454d-ae5b-eab22b307959/resourceGroups/Test_RG/providers/Microsoft.Network/loadBalancers/PrivateAppLB/frontendIPConfigurations/PrivateLBFrontEnd",
                "inbound_nat_rules": [],
                "load_balancer_rules": [
                  "/subscriptions/52c1c7f5-b02e-454d-ae5b-eab22b307959/resourceGroups/Test_RG/providers/Microsoft.Network/loadBalancers/PrivateAppLB/loadBalancingRules/PrivateLBRule"
                ],
                "name": "PrivateLBFrontEnd",
                "outbound_rules": [],
                "private_ip_address": "10.0.30.4",
                "private_ip_address_allocation": "Dynamic",
                "private_ip_address_version": "IPv4",
                "public_ip_address_id": "",
                "public_ip_prefix_id": "",
                "subnet_id": "/subscriptions/52c1c7f5-b02e-454d-ae5b-eab22b307959/resourceGroups/Test_RG/providers/Microsoft.Network/virtualNetworks/Test_VNet/subnets/Private_Subnet-0",
                "zones": []
              }
            ],
            "id": "/subscriptions/52c1c7f5-b02e-454d-ae5b-eab22b307959/resourceGroups/Test_RG/providers/Microsoft.Network/loadBalancers/PrivateAppLB",
            "location": "centralindia",
            "name": "PrivateAppLB",
            "private_ip_address": "10.0.30.4",
            "private_ip_addresses": [
              "10.0.30.4"
            ],
            "resource_group_name": "Test_RG",
            "sku": "Standard",
            "sku_tier": "Regional",
            "tags": {},
            "timeouts": null
          },
          "sensitive_attributes": [],
          "identity_schema_version": 0,
          "private": "eyJlMmJmYjczMC1lY2FhLTExZTYtOGY4OC0zNDM2M2JjN2M0YzAiOnsiY3JlYXRlIjoxODAwMDAwMDAwMDAwLCJkZWxldGUiOjE4MDAwMDAwMDAwMDAsInJlYWQiOjMwMDAwMDAwMDAwMCwidXBkYXRlIjoxODAwMDAwMDAwMDAwfX0=",
          "dependencies": [
            "azurerm_resource_group.main",
            "azurerm_subnet.Private",
            "azurerm_virtual_network.main"
          ]
        }
      ]
    },
    {
      "mode": "managed",
      "type": "azurerm_lb",
      "name": "public_lb",
      "provider": "provider[\"registry.terraform.io/hashicorp/azurerm\"]",
      "instances": [
        {
          "schema_version": 0,
          "attributes": {
            "edge_zone": "",
            "frontend_ip_configuration": [
              {
                "gateway_load_balancer_frontend_ip_configuration_id": "",
                "id": "/subscriptions/52c1c7f5-b02e-454d-ae5b-eab22b307959/resourceGroups/Test_RG/providers/Microsoft.Network/loadBalancers/PublicAppLB/frontendIPConfigurations/PublicLBFrontEnd",
                "inbound_nat_rules": [],
                "load_balancer_rules": [
                  "/subscriptions/52c1c7f5-b02e-454d-ae5b-eab22b307959/resourceGroups/Test_RG/providers/Microsoft.Network/loadBalancers/PublicAppLB/loadBalancingRules/PublicLBRule"
                ],
                "name": "PublicLBFrontEnd",
                "outbound_rules": [],
                "private_ip_address": "",
                "private_ip_address_allocation": "Dynamic",
                "private_ip_address_version": "",
                "public_ip_address_id": "/subscriptions/52c1c7f5-b02e-454d-ae5b-eab22b307959/resourceGroups/Test_RG/providers/Microsoft.Network/publicIPAddresses/WebserverPublicIP1",
                "public_ip_prefix_id": "",
                "subnet_id": "",
                "zones": []
              }
            ],
            "id": "/subscriptions/52c1c7f5-b02e-454d-ae5b-eab22b307959/resourceGroups/Test_RG/providers/Microsoft.Network/loadBalancers/PublicAppLB",
            "location": "centralindia",
            "name": "PublicAppLB",
            "private_ip_address": "",
            "private_ip_addresses": [],
            "resource_group_name": "Test_RG",
            "sku": "Standard",
            "sku_tier": "Regional",
            "tags": {},
            "timeouts": null
          },
          "sensitive_attributes": [],
          "identity_schema_version": 0,
          "private": "eyJlMmJmYjczMC1lY2FhLTExZTYtOGY4OC0zNDM2M2JjN2M0YzAiOnsiY3JlYXRlIjoxODAwMDAwMDAwMDAwLCJkZWxldGUiOjE4MDAwMDAwMDAwMDAsInJlYWQiOjMwMDAwMDAwMDAwMCwidXBkYXRlIjoxODAwMDAwMDAwMDAwfX0=",
          "dependencies": [
            "azurerm_public_ip.PublicIP",
            "azurerm_resource_group.main"
          ]
        }
      ]
    },
    {
      "mode": "managed",
      "type": "azurerm_lb_backend_address_pool",
      "name": "private_lb_backend",
      "provider": "provider[\"registry.terraform.io/hashicorp/azurerm\"]",
      "instances": [
        {
          "schema_version": 0,
          "attributes": {
            "backend_ip_configurations": [],
            "id": "/subscriptions/52c1c7f5-b02e-454d-ae5b-eab22b307959/resourceGroups/Test_RG/providers/Microsoft.Network/loadBalancers/PrivateAppLB/backendAddressPools/PrivateLBBackendPool",
            "inbound_nat_rules": [],
            "load_balancing_rules": [
              "/subscriptions/52c1c7f5-b02e-454d-ae5b-eab22b307959/resourceGroups/Test_RG/providers/Microsoft.Network/loadBalancers/PrivateAppLB/loadBalancingRules/PrivateLBRule"
            ],
            "loadbalancer_id": "/subscriptions/52c1c7f5-b02e-454d-ae5b-eab22b307959/resourceGroups/Test_RG/providers/Microsoft.Network/loadBalancers/PrivateAppLB",
            "name": "PrivateLBBackendPool",
            "outbound_rules": [],
            "synchronous_mode": "",
            "timeouts": null,
            "tunnel_interface": [],
            "virtual_network_id": ""
          },
          "sensitive_attributes": [],
          "identity_schema_version": 0,
          "private": "eyJlMmJmYjczMC1lY2FhLTExZTYtOGY4OC0zNDM2M2JjN2M0YzAiOnsiY3JlYXRlIjoxODAwMDAwMDAwMDAwLCJkZWxldGUiOjE4MDAwMDAwMDAwMDAsInJlYWQiOjMwMDAwMDAwMDAwMCwidXBkYXRlIjoxODAwMDAwMDAwMDAwfX0=",
          "dependencies": [
            "azurerm_lb.private_lb",
            "azurerm_resource_group.main",
            "azurerm_subnet.Private",
            "azurerm_virtual_network.main"
          ]
        }
      ]
    },
    {
      "mode": "managed",
      "type": "azurerm_lb_backend_address_pool",
      "name": "public_lb_backend",
      "provider": "provider[\"registry.terraform.io/hashicorp/azurerm\"]",
      "instances": [
        {
          "schema_version": 0,
          "attributes": {
            "backend_ip_configurations": [],
            "id": "/subscriptions/52c1c7f5-b02e-454d-ae5b-eab22b307959/resourceGroups/Test_RG/providers/Microsoft.Network/loadBalancers/PublicAppLB/backendAddressPools/PublicLBBackendPool",
            "inbound_nat_rules": [],
            "load_balancing_rules": [
              "/subscriptions/52c1c7f5-b02e-454d-ae5b-eab22b307959/resourceGroups/Test_RG/providers/Microsoft.Network/loadBalancers/PublicAppLB/loadBalancingRules/PublicLBRule"
            ],
            "loadbalancer_id": "/subscriptions/52c1c7f5-b02e-454d-ae5b-eab22b307959/resourceGroups/Test_RG/providers/Microsoft.Network/loadBalancers/PublicAppLB",
            "name": "PublicLBBackendPool",
            "outbound_rules": [],
            "synchronous_mode": "",
            "timeouts": null,
            "tunnel_interface": [],
            "virtual_network_id": ""
          },
          "sensitive_attributes": [],
          "identity_schema_version": 0,
          "private": "eyJlMmJmYjczMC1lY2FhLTExZTYtOGY4OC0zNDM2M2JjN2M0YzAiOnsiY3JlYXRlIjoxODAwMDAwMDAwMDAwLCJkZWxldGUiOjE4MDAwMDAwMDAwMDAsInJlYWQiOjMwMDAwMDAwMDAwMCwidXBkYXRlIjoxODAwMDAwMDAwMDAwfX0=",
          "dependencies": [
            "azurerm_lb.public_lb",
            "azurerm_public_ip.PublicIP",
            "azurerm_resource_group.main"
          ]
        }
      ]
    },
    {
      "mode": "managed",
      "type": "azurerm_lb_probe",
      "name": "private_lb_probe",
      "provider": "provider[\"registry.terraform.io/hashicorp/azurerm\"]",
      "instances": [
        {
          "schema_version": 0,
          "attributes": {
            "id": "/subscriptions/52c1c7f5-b02e-454d-ae5b-eab22b307959/resourceGroups/Test_RG/providers/Microsoft.Network/loadBalancers/PrivateAppLB/probes/PrivateLBProbe",
            "interval_in_seconds": 15,
            "load_balancer_rules": [
              "/subscriptions/52c1c7f5-b02e-454d-ae5b-eab22b307959/resourceGroups/Test_RG/providers/Microsoft.Network/loadBalancers/PrivateAppLB/loadBalancingRules/PrivateLBRule"
            ],
            "loadbalancer_id": "/subscriptions/52c1c7f5-b02e-454d-ae5b-eab22b307959/resourceGroups/Test_RG/providers/Microsoft.Network/loadBalancers/PrivateAppLB",
            "name": "PrivateLBProbe",
            "number_of_probes": 2,
            "port": 80,
            "probe_threshold": 1,
            "protocol": "Tcp",
            "request_path": "",
            "timeouts": null
          },
          "sensitive_attributes": [],
          "identity_schema_version": 0,
          "private": "eyJlMmJmYjczMC1lY2FhLTExZTYtOGY4OC0zNDM2M2JjN2M0YzAiOnsiY3JlYXRlIjoxODAwMDAwMDAwMDAwLCJkZWxldGUiOjE4MDAwMDAwMDAwMDAsInJlYWQiOjMwMDAwMDAwMDAwMCwidXBkYXRlIjoxODAwMDAwMDAwMDAwfX0=",
          "dependencies": [
            "azurerm_lb.private_lb",
            "azurerm_resource_group.main",
            "azurerm_subnet.Private",
            "azurerm_virtual_network.main"
          ]
        }
      ]
    },
    {
      "mode": "managed",
      "type": "azurerm_lb_probe",
      "name": "public_lb_probe",
      "provider": "provider[\"registry.terraform.io/hashicorp/azurerm\"]",
      "instances": [
        {
          "schema_version": 0,
          "attributes": {
            "id": "/subscriptions/52c1c7f5-b02e-454d-ae5b-eab22b307959/resourceGroups/Test_RG/providers/Microsoft.Network/loadBalancers/PublicAppLB/probes/PublicLBProbe",
            "interval_in_seconds": 15,
            "load_balancer_rules": [
              "/subscriptions/52c1c7f5-b02e-454d-ae5b-eab22b307959/resourceGroups/Test_RG/providers/Microsoft.Network/loadBalancers/PublicAppLB/loadBalancingRules/PublicLBRule"
            ],
            "loadbalancer_id": "/subscriptions/52c1c7f5-b02e-454d-ae5b-eab22b307959/resourceGroups/Test_RG/providers/Microsoft.Network/loadBalancers/PublicAppLB",
            "name": "PublicLBProbe",
            "number_of_probes": 2,
            "port": 80,
            "probe_threshold": 1,
            "protocol": "Tcp",
            "request_path": "",
            "timeouts": null
          },
          "sensitive_attributes": [],
          "identity_schema_version": 0,
          "private": "eyJlMmJmYjczMC1lY2FhLTExZTYtOGY4OC0zNDM2M2JjN2M0YzAiOnsiY3JlYXRlIjoxODAwMDAwMDAwMDAwLCJkZWxldGUiOjE4MDAwMDAwMDAwMDAsInJlYWQiOjMwMDAwMDAwMDAwMCwidXBkYXRlIjoxODAwMDAwMDAwMDAwfX0=",
          "dependencies": [
            "azurerm_lb.public_lb",
            "azurerm_public_ip.PublicIP",
            "azurerm_resource_group.main"
          ]
        }
      ]
    },
    {
      "mode": "managed",
      "type": "azurerm_lb_rule",
      "name": "private_lb_rule",
      "provider": "provider[\"registry.terraform.io/hashicorp/azurerm\"]",
      "instances": [
        {
          "schema_version": 0,
          "attributes": {
            "backend_address_pool_ids": [
              "/subscriptions/52c1c7f5-b02e-454d-ae5b-eab22b307959/resourceGroups/Test_RG/providers/Microsoft.Network/loadBalancers/PrivateAppLB/backendAddressPools/PrivateLBBackendPool"
            ],
            "backend_port": 80,
            "disable_outbound_snat": false,
            "enable_floating_ip": false,
            "enable_tcp_reset": false,
            "frontend_ip_configuration_id": "/subscriptions/52c1c7f5-b02e-454d-ae5b-eab22b307959/resourceGroups/Test_RG/providers/Microsoft.Network/loadBalancers/PrivateAppLB/frontendIPConfigurations/PrivateLBFrontEnd",
            "frontend_ip_configuration_name": "PrivateLBFrontEnd",
            "frontend_port": 80,
            "id": "/subscriptions/52c1c7f5-b02e-454d-ae5b-eab22b307959/resourceGroups/Test_RG/providers/Microsoft.Network/loadBalancers/PrivateAppLB/loadBalancingRules/PrivateLBRule",
            "idle_timeout_in_minutes": 4,
            "load_distribution": "Default",
            "loadbalancer_id": "/subscriptions/52c1c7f5-b02e-454d-ae5b-eab22b307959/resourceGroups/Test_RG/providers/Microsoft.Network/loadBalancers/PrivateAppLB",
            "name": "PrivateLBRule",
            "probe_id": "/subscriptions/52c1c7f5-b02e-454d-ae5b-eab22b307959/resourceGroups/Test_RG/providers/Microsoft.Network/loadBalancers/PrivateAppLB/probes/PrivateLBProbe",
            "protocol": "Tcp",
            "timeouts": null
          },
          "sensitive_attributes": [],
          "identity_schema_version": 0,
          "private": "eyJlMmJmYjczMC1lY2FhLTExZTYtOGY4OC0zNDM2M2JjN2M0YzAiOnsiY3JlYXRlIjoxODAwMDAwMDAwMDAwLCJkZWxldGUiOjE4MDAwMDAwMDAwMDAsInJlYWQiOjMwMDAwMDAwMDAwMCwidXBkYXRlIjoxODAwMDAwMDAwMDAwfX0=",
          "dependencies": [
            "azurerm_lb.private_lb",
            "azurerm_lb_backend_address_pool.private_lb_backend",
            "azurerm_lb_probe.private_lb_probe",
            "azurerm_resource_group.main",
            "azurerm_subnet.Private",
            "azurerm_virtual_network.main"
          ]
        }
      ]
    },
    {
      "mode": "managed",
      "type": "azurerm_lb_rule",
      "name": "public_lb_rule",
      "provider": "provider[\"registry.terraform.io/hashicorp/azurerm\"]",
      "instances": [
        {
          "schema_version": 0,
          "attributes": {
            "backend_address_pool_ids": [
              "/subscriptions/52c1c7f5-b02e-454d-ae5b-eab22b307959/resourceGroups/Test_RG/providers/Microsoft.Network/loadBalancers/PublicAppLB/backendAddressPools/PublicLBBackendPool"
            ],
            "backend_port": 80,
            "disable_outbound_snat": false,
            "enable_floating_ip": false,
            "enable_tcp_reset": false,
            "frontend_ip_configuration_id": "/subscriptions/52c1c7f5-b02e-454d-ae5b-eab22b307959/resourceGroups/Test_RG/providers/Microsoft.Network/loadBalancers/PublicAppLB/frontendIPConfigurations/PublicLBFrontEnd",
            "frontend_ip_configuration_name": "PublicLBFrontEnd",
            "frontend_port": 80,
            "id": "/subscriptions/52c1c7f5-b02e-454d-ae5b-eab22b307959/resourceGroups/Test_RG/providers/Microsoft.Network/loadBalancers/PublicAppLB/loadBalancingRules/PublicLBRule",
            "idle_timeout_in_minutes": 4,
            "load_distribution": "Default",
            "loadbalancer_id": "/subscriptions/52c1c7f5-b02e-454d-ae5b-eab22b307959/resourceGroups/Test_RG/providers/Microsoft.Network/loadBalancers/PublicAppLB",
            "name": "PublicLBRule",
            "probe_id": "/subscriptions/52c1c7f5-b02e-454d-ae5b-eab22b307959/resourceGroups/Test_RG/providers/Microsoft.Network/loadBalancers/PublicAppLB/probes/PublicLBProbe",
            "protocol": "Tcp",
            "timeouts": null
          },
          "sensitive_attributes": [],
          "identity_schema_version": 0,
          "private": "eyJlMmJmYjczMC1lY2FhLTExZTYtOGY4OC0zNDM2M2JjN2M0YzAiOnsiY3JlYXRlIjoxODAwMDAwMDAwMDAwLCJkZWxldGUiOjE4MDAwMDAwMDAwMDAsInJlYWQiOjMwMDAwMDAwMDAwMCwidXBkYXRlIjoxODAwMDAwMDAwMDAwfX0=",
          "dependencies": [
            "azurerm_lb.public_lb",
            "azurerm_lb_backend_address_pool.public_lb_backend",
            "azurerm_lb_probe.public_lb_probe",
            "azurerm_public_ip.PublicIP",
            "azurerm_resource_group.main"
          ]
        }
      ]
    },
    {
      "mode": "managed",
      "type": "azurerm_linux_virtual_machine",
      "name": "PrivateVM",
      "provider": "provider[\"registry.terraform.io/hashicorp/azurerm\"]",
      "instances": [
        {
          "schema_version": 0,
          "attributes": {
            "additional_capabilities": [],
            "admin_password": "P@ssw0rd1234!",
            "admin_ssh_key": [],
            "admin_username": "azureuser",
            "allow_extension_operations": true,
            "availability_set_id": "",
            "boot_diagnostics": [],
            "bypass_platform_safety_checks_on_user_schedule_enabled": false,
            "capacity_reservation_group_id": "",
            "computer_name": "PrivateVM1",
            "custom_data": null,
            "dedicated_host_group_id": "",
            "dedicated_host_id": "",
            "disable_password_authentication": false,
            "disk_controller_type": "",
            "edge_zone": "",
            "encryption_at_host_enabled": false,
            "eviction_policy": "",
            "extensions_time_budget": "PT1H30M",
            "gallery_application": [],
            "id": "/subscriptions/52c1c7f5-b02e-454d-ae5b-eab22b307959/resourceGroups/Test_RG/providers/Microsoft.Compute/virtualMachines/PrivateVM1",
            "identity": [],
            "license_type": "",
            "location": "centralindia",
            "max_bid_price": -1,
            "name": "PrivateVM1",
            "network_interface_ids": [
              "/subscriptions/52c1c7f5-b02e-454d-ae5b-eab22b307959/resourceGroups/Test_RG/providers/Microsoft.Network/networkInterfaces/PrivateNIC1"
            ],
            "os_disk": [
              {
                "caching": "ReadWrite",
                "diff_disk_settings": [],
                "disk_encryption_set_id": "",
                "disk_size_gb": 30,
                "name": "privateserver-osdisk-vm",
                "secure_vm_disk_encryption_set_id": "",
                "security_encryption_type": "",
                "storage_account_type": "Standard_LRS",
                "write_accelerator_enabled": false
              }
            ],
            "os_image_notification": [],
            "patch_assessment_mode": "ImageDefault",
            "patch_mode": "ImageDefault",
            "plan": [],
            "platform_fault_domain": -1,
            "priority": "Regular",
            "private_ip_address": "10.0.30.5",
            "private_ip_addresses": [
              "10.0.30.5"
            ],
            "provision_vm_agent": true,
            "proximity_placement_group_id": "",
            "public_ip_address": "",
            "public_ip_addresses": [],
            "reboot_setting": "",
            "resource_group_name": "Test_RG",
            "secret": [],
            "secure_boot_enabled": false,
            "size": "Standard_B1s",
            "source_image_id": "",
            "source_image_reference": [
              {
                "offer": "UbuntuServer",
                "publisher": "Canonical",
                "sku": "18.04-LTS",
                "version": "latest"
              }
            ],
            "tags": null,
            "termination_notification": null,
            "timeouts": null,
            "user_data": "",
            "virtual_machine_id": "5dfbd4c2-f8f8-4b16-927d-151279fe47bc",
            "virtual_machine_scale_set_id": "",
            "vm_agent_platform_updates_enabled": false,
            "vtpm_enabled": false,
            "zone": ""
          },
          "sensitive_attributes": [
            [
              {
                "type": "get_attr",
                "value": "admin_password"
              }
            ],
            [
              {
                "type": "get_attr",
                "value": "custom_data"
              }
            ]
          ],
          "identity_schema_version": 0,
          "private": "eyJlMmJmYjczMC1lY2FhLTExZTYtOGY4OC0zNDM2M2JjN2M0YzAiOnsiY3JlYXRlIjoyNzAwMDAwMDAwMDAwLCJkZWxldGUiOjI3MDAwMDAwMDAwMDAsInJlYWQiOjMwMDAwMDAwMDAwMCwidXBkYXRlIjoyNzAwMDAwMDAwMDAwfX0=",
          "dependencies": [
            "azurerm_network_interface.PrivateNIC",
            "azurerm_resource_group.main",
            "azurerm_subnet.Private",
            "azurerm_virtual_network.main"
          ]
        }
      ]
    },
    {
      "mode": "managed",
      "type": "azurerm_linux_virtual_machine",
      "name": "PublicVM",
      "provider": "provider[\"registry.terraform.io/hashicorp/azurerm\"]",
      "instances": [
        {
          "schema_version": 0,
          "attributes": {
            "additional_capabilities": [],
            "admin_password": "P@ssw0rd1234!",
            "admin_ssh_key": [],
            "admin_username": "azureuser",
            "allow_extension_operations": true,
            "availability_set_id": "",
            "boot_diagnostics": [],
            "bypass_platform_safety_checks_on_user_schedule_enabled": false,
            "capacity_reservation_group_id": "",
            "computer_name": "PublicVM1",
            "custom_data": null,
            "dedicated_host_group_id": "",
            "dedicated_host_id": "",
            "disable_password_authentication": false,
            "disk_controller_type": "",
            "edge_zone": "",
            "encryption_at_host_enabled": false,
            "eviction_policy": "",
            "extensions_time_budget": "PT1H30M",
            "gallery_application": [],
            "id": "/subscriptions/52c1c7f5-b02e-454d-ae5b-eab22b307959/resourceGroups/Test_RG/providers/Microsoft.Compute/virtualMachines/PublicVM1",
            "identity": [],
            "license_type": "",
            "location": "centralindia",
            "max_bid_price": -1,
            "name": "PublicVM1",
            "network_interface_ids": [
              "/subscriptions/52c1c7f5-b02e-454d-ae5b-eab22b307959/resourceGroups/Test_RG/providers/Microsoft.Network/networkInterfaces/PublicNIC1"
            ],
            "os_disk": [
              {
                "caching": "ReadWrite",
                "diff_disk_settings": [],
                "disk_encryption_set_id": "",
                "disk_size_gb": 30,
                "name": "publicserver-osdisk-vm",
                "secure_vm_disk_encryption_set_id": "",
                "security_encryption_type": "",
                "storage_account_type": "Standard_LRS",
                "write_accelerator_enabled": false
              }
            ],
            "os_image_notification": [],
            "patch_assessment_mode": "ImageDefault",
            "patch_mode": "ImageDefault",
            "plan": [],
            "platform_fault_domain": -1,
            "priority": "Regular",
            "private_ip_address": "10.0.10.4",
            "private_ip_addresses": [
              "10.0.10.4"
            ],
            "provision_vm_agent": true,
            "proximity_placement_group_id": "",
            "public_ip_address": "",
            "public_ip_addresses": [],
            "reboot_setting": "",
            "resource_group_name": "Test_RG",
            "secret": [],
            "secure_boot_enabled": false,
            "size": "Standard_B1s",
            "source_image_id": "",
            "source_image_reference": [
              {
                "offer": "UbuntuServer",
                "publisher": "Canonical",
                "sku": "18.04-LTS",
                "version": "latest"
              }
            ],
            "tags": {},
            "termination_notification": [],
            "timeouts": null,
            "user_data": "",
            "virtual_machine_id": "76ff5973-e81b-4a09-a9f2-0fa30d5db8b7",
            "virtual_machine_scale_set_id": "",
            "vm_agent_platform_updates_enabled": false,
            "vtpm_enabled": false,
            "zone": ""
          },
          "sensitive_attributes": [
            [
              {
                "type": "get_attr",
                "value": "admin_password"
              }
            ],
            [
              {
                "type": "get_attr",
                "value": "custom_data"
              }
            ]
          ],
          "identity_schema_version": 0,
          "private": "eyJlMmJmYjczMC1lY2FhLTExZTYtOGY4OC0zNDM2M2JjN2M0YzAiOnsiY3JlYXRlIjoyNzAwMDAwMDAwMDAwLCJkZWxldGUiOjI3MDAwMDAwMDAwMDAsInJlYWQiOjMwMDAwMDAwMDAwMCwidXBkYXRlIjoyNzAwMDAwMDAwMDAwfX0=",
          "dependencies": [
            "azurerm_network_interface.PublicNIC",
            "azurerm_resource_group.main",
            "azurerm_subnet.Public",
            "azurerm_virtual_network.main"
          ]
        }
      ]
    },
    {
      "mode": "managed",
      "type": "azurerm_managed_disk",
      "name": "public_data_disk",
      "provider": "provider[\"registry.terraform.io/hashicorp/azurerm\"]",
      "instances": [
        {
          "schema_version": 1,
          "attributes": {
            "create_option": "Empty",
            "disk_access_id": "",
            "disk_encryption_set_id": "",
            "disk_iops_read_only": 0,
            "disk_iops_read_write": 500,
            "disk_mbps_read_only": 0,
            "disk_mbps_read_write": 60,
            "disk_size_gb": 30,
            "edge_zone": "",
            "encryption_settings": [],
            "gallery_image_reference_id": "",
            "hyper_v_generation": "",
            "id": "/subscriptions/52c1c7f5-b02e-454d-ae5b-eab22b307959/resourceGroups/Test_RG/providers/Microsoft.Compute/disks/Publicserver-datadisk-vm",
            "image_reference_id": "",
            "location": "centralindia",
            "logical_sector_size": null,
            "max_shares": 0,
            "name": "Publicserver-datadisk-vm",
            "network_access_policy": null,
            "on_demand_bursting_enabled": false,
            "optimized_frequent_attach_enabled": false,
            "os_type": "",
            "performance_plus_enabled": false,
            "public_network_access_enabled": true,
            "resource_group_name": "Test_RG",
            "secure_vm_disk_encryption_set_id": "",
            "security_type": "",
            "source_resource_id": "",
            "source_uri": "",
            "storage_account_id": "",
            "storage_account_type": "Standard_LRS",
            "tags": {},
            "tier": "",
            "timeouts": null,
            "trusted_launch_enabled": false,
            "upload_size_bytes": 0,
            "zone": ""
          },
          "sensitive_attributes": [],
          "identity_schema_version": 0,
          "private": "eyJlMmJmYjczMC1lY2FhLTExZTYtOGY4OC0zNDM2M2JjN2M0YzAiOnsiY3JlYXRlIjoxODAwMDAwMDAwMDAwLCJkZWxldGUiOjE4MDAwMDAwMDAwMDAsInJlYWQiOjMwMDAwMDAwMDAwMCwidXBkYXRlIjoxODAwMDAwMDAwMDAwfSwic2NoZW1hX3ZlcnNpb24iOiIxIn0=",
          "dependencies": [
            "azurerm_resource_group.main"
          ]
        }
      ]
    },
    {
      "mode": "managed",
      "type": "azurerm_mssql_database",
      "name": "db",
      "provider": "provider[\"registry.terraform.io/hashicorp/azurerm\"]",
      "instances": [
        {
          "schema_version": 1,
          "attributes": {
            "auto_pause_delay_in_minutes": 0,
            "collation": "SQL_Latin1_General_CP1_CI_AS",
            "create_mode": "Default",
            "creation_source_database_id": null,
            "elastic_pool_id": "",
            "enclave_type": "",
            "geo_backup_enabled": true,
            "id": "/subscriptions/52c1c7f5-b02e-454d-ae5b-eab22b307959/resourceGroups/Test_RG/providers/Microsoft.Sql/servers/dbserver-sql/databases/appdb",
            "identity": [],
            "import": [],
            "ledger_enabled": false,
            "license_type": "",
            "long_term_retention_policy": [
              {
                "immutable_backups_enabled": false,
                "monthly_retention": "PT0S",
                "week_of_year": 1,
                "weekly_retention": "PT0S",
                "yearly_retention": "PT0S"
              }
            ],
            "maintenance_configuration_name": "SQL_Default",
            "max_size_gb": 2,
            "min_capacity": 0,
            "name": "appdb",
            "read_replica_count": 0,
            "read_scale": false,
            "recover_database_id": null,
            "recovery_point_id": null,
            "restore_dropped_database_id": null,
            "restore_long_term_retention_backup_id": null,
            "restore_point_in_time": null,
            "sample_name": null,
            "secondary_type": "",
            "server_id": "/subscriptions/52c1c7f5-b02e-454d-ae5b-eab22b307959/resourceGroups/Test_RG/providers/Microsoft.Sql/servers/dbserver-sql",
            "short_term_retention_policy": [
              {
                "backup_interval_in_hours": 24,
                "retention_days": 7
              }
            ],
            "sku_name": "Basic",
            "storage_account_type": "Geo",
            "tags": {},
            "threat_detection_policy": [
              {
                "disabled_alerts": [],
                "email_account_admins": "Disabled",
                "email_addresses": [],
                "retention_days": 0,
                "state": "Disabled",
                "storage_account_access_key": "",
                "storage_endpoint": ""
              }
            ],
            "timeouts": null,
            "transparent_data_encryption_enabled": true,
            "transparent_data_encryption_key_automatic_rotation_enabled": false,
            "transparent_data_encryption_key_vault_key_id": "",
            "zone_redundant": false
          },
          "sensitive_attributes": [
            [
              {
                "type": "get_attr",
                "value": "threat_detection_policy"
              },
              {
                "type": "index",
                "value": {
                  "value": 0,
                  "type": "number"
                }
              },
              {
                "type": "get_attr",
                "value": "storage_account_access_key"
              }
            ]
          ],
          "identity_schema_version": 0,
          "private": "eyJlMmJmYjczMC1lY2FhLTExZTYtOGY4OC0zNDM2M2JjN2M0YzAiOnsiY3JlYXRlIjozNjAwMDAwMDAwMDAwLCJkZWxldGUiOjM2MDAwMDAwMDAwMDAsInJlYWQiOjMwMDAwMDAwMDAwMCwidXBkYXRlIjozNjAwMDAwMDAwMDAwfSwic2NoZW1hX3ZlcnNpb24iOiIxIn0=",
          "dependencies": [
            "azurerm_mssql_server.db_server",
            "azurerm_resource_group.main"
          ]
        }
      ]
    },
    {
      "mode": "managed",
      "type": "azurerm_mssql_server",
      "name": "db_server",
      "provider": "provider[\"registry.terraform.io/hashicorp/azurerm\"]",
      "instances": [
        {
          "schema_version": 0,
          "attributes": {
            "administrator_login": "sqladminuser",
            "administrator_login_password": "P@ssw0rd1234!",
            "azuread_administrator": [],
            "connection_policy": "Default",
            "fully_qualified_domain_name": "dbserver-sql.database.windows.net",
            "id": "/subscriptions/52c1c7f5-b02e-454d-ae5b-eab22b307959/resourceGroups/Test_RG/providers/Microsoft.Sql/servers/dbserver-sql",
            "identity": [],
            "location": "centralindia",
            "minimum_tls_version": "1.2",
            "name": "dbserver-sql",
            "outbound_network_restriction_enabled": false,
            "primary_user_assigned_identity_id": "",
            "public_network_access_enabled": true,
            "resource_group_name": "Test_RG",
            "restorable_dropped_database_ids": [],
            "tags": {},
            "timeouts": null,
            "transparent_data_encryption_key_vault_key_id": "",
            "version": "12.0"
          },
          "sensitive_attributes": [
            [
              {
                "type": "get_attr",
                "value": "administrator_login_password"
              }
            ]
          ],
          "identity_schema_version": 0,
          "private": "eyJlMmJmYjczMC1lY2FhLTExZTYtOGY4OC0zNDM2M2JjN2M0YzAiOnsiY3JlYXRlIjozNjAwMDAwMDAwMDAwLCJkZWxldGUiOjM2MDAwMDAwMDAwMDAsInJlYWQiOjMwMDAwMDAwMDAwMCwidXBkYXRlIjozNjAwMDAwMDAwMDAwfX0=",
          "dependencies": [
            "azurerm_resource_group.main"
          ]
        }
      ]
    },
    {
      "mode": "managed",
      "type": "azurerm_network_interface",
      "name": "PrivateNIC",
      "provider": "provider[\"registry.terraform.io/hashicorp/azurerm\"]",
      "instances": [
        {
          "schema_version": 0,
          "attributes": {
            "accelerated_networking_enabled": false,
            "applied_dns_servers": [],
            "auxiliary_mode": "",
            "auxiliary_sku": "",
            "dns_servers": [],
            "edge_zone": "",
            "enable_accelerated_networking": false,
            "enable_ip_forwarding": false,
            "id": "/subscriptions/52c1c7f5-b02e-454d-ae5b-eab22b307959/resourceGroups/Test_RG/providers/Microsoft.Network/networkInterfaces/PrivateNIC1",
            "internal_dns_name_label": "",
            "internal_domain_name_suffix": "lcn4w2vszkjermi3oejt4f5y3a.rx.internal.cloudapp.net",
            "ip_configuration": [
              {
                "gateway_load_balancer_frontend_ip_configuration_id": "",
                "name": "internal",
                "primary": true,
                "private_ip_address": "10.0.30.5",
                "private_ip_address_allocation": "Dynamic",
                "private_ip_address_version": "IPv4",
                "public_ip_address_id": "",
                "subnet_id": "/subscriptions/52c1c7f5-b02e-454d-ae5b-eab22b307959/resourceGroups/Test_RG/providers/Microsoft.Network/virtualNetworks/Test_VNet/subnets/Private_Subnet-0"
              }
            ],
            "ip_forwarding_enabled": false,
            "location": "centralindia",
            "mac_address": "",
            "name": "PrivateNIC1",
            "private_ip_address": "10.0.30.5",
            "private_ip_addresses": [
              "10.0.30.5"
            ],
            "resource_group_name": "Test_RG",
            "tags": {},
            "timeouts": null,
            "virtual_machine_id": ""
          },
          "sensitive_attributes": [],
          "identity_schema_version": 0,
          "private": "eyJlMmJmYjczMC1lY2FhLTExZTYtOGY4OC0zNDM2M2JjN2M0YzAiOnsiY3JlYXRlIjoxODAwMDAwMDAwMDAwLCJkZWxldGUiOjE4MDAwMDAwMDAwMDAsInJlYWQiOjMwMDAwMDAwMDAwMCwidXBkYXRlIjoxODAwMDAwMDAwMDAwfX0=",
          "dependencies": [
            "azurerm_resource_group.main",
            "azurerm_subnet.Private",
            "azurerm_virtual_network.main"
          ]
        }
      ]
    },
    {
      "mode": "managed",
      "type": "azurerm_network_interface",
      "name": "PublicNIC",
      "provider": "provider[\"registry.terraform.io/hashicorp/azurerm\"]",
      "instances": [
        {
          "schema_version": 0,
          "attributes": {
            "accelerated_networking_enabled": false,
            "applied_dns_servers": [],
            "auxiliary_mode": "",
            "auxiliary_sku": "",
            "dns_servers": [],
            "edge_zone": "",
            "enable_accelerated_networking": false,
            "enable_ip_forwarding": false,
            "id": "/subscriptions/52c1c7f5-b02e-454d-ae5b-eab22b307959/resourceGroups/Test_RG/providers/Microsoft.Network/networkInterfaces/PublicNIC1",
            "internal_dns_name_label": "",
            "internal_domain_name_suffix": "lcn4w2vszkjermi3oejt4f5y3a.rx.internal.cloudapp.net",
            "ip_configuration": [
              {
                "gateway_load_balancer_frontend_ip_configuration_id": "",
                "name": "internal",
                "primary": true,
                "private_ip_address": "10.0.10.4",
                "private_ip_address_allocation": "Dynamic",
                "private_ip_address_version": "IPv4",
                "public_ip_address_id": "",
                "subnet_id": "/subscriptions/52c1c7f5-b02e-454d-ae5b-eab22b307959/resourceGroups/Test_RG/providers/Microsoft.Network/virtualNetworks/Test_VNet/subnets/Public_Subnet-0"
              }
            ],
            "ip_forwarding_enabled": false,
            "location": "centralindia",
            "mac_address": "7C-1E-52-3C-10-98",
            "name": "PublicNIC1",
            "private_ip_address": "10.0.10.4",
            "private_ip_addresses": [
              "10.0.10.4"
            ],
            "resource_group_name": "Test_RG",
            "tags": {},
            "timeouts": null,
            "virtual_machine_id": "/subscriptions/52c1c7f5-b02e-454d-ae5b-eab22b307959/resourceGroups/Test_RG/providers/Microsoft.Compute/virtualMachines/PublicVM1"
          },
          "sensitive_attributes": [],
          "identity_schema_version": 0,
          "private": "eyJlMmJmYjczMC1lY2FhLTExZTYtOGY4OC0zNDM2M2JjN2M0YzAiOnsiY3JlYXRlIjoxODAwMDAwMDAwMDAwLCJkZWxldGUiOjE4MDAwMDAwMDAwMDAsInJlYWQiOjMwMDAwMDAwMDAwMCwidXBkYXRlIjoxODAwMDAwMDAwMDAwfX0=",
          "dependencies": [
            "azurerm_resource_group.main",
            "azurerm_subnet.Public",
            "azurerm_virtual_network.main"
          ]
        }
      ]
    },
    {
      "mode": "managed",
      "type": "azurerm_network_interface_security_group_association",
      "name": "public_nic_nsg_assoc",
      "provider": "provider[\"registry.terraform.io/hashicorp/azurerm\"]",
      "instances": [
        {
          "schema_version": 0,
          "attributes": {
            "id": "/subscriptions/52c1c7f5-b02e-454d-ae5b-eab22b307959/resourceGroups/Test_RG/providers/Microsoft.Network/networkInterfaces/PublicNIC1|/subscriptions/52c1c7f5-b02e-454d-ae5b-eab22b307959/resourceGroups/Test_RG/providers/Microsoft.Network/networkSecurityGroups/PublicNSG",
            "network_interface_id": "/subscriptions/52c1c7f5-b02e-454d-ae5b-eab22b307959/resourceGroups/Test_RG/providers/Microsoft.Network/networkInterfaces/PublicNIC1",
            "network_security_group_id": "/subscriptions/52c1c7f5-b02e-454d-ae5b-eab22b307959/resourceGroups/Test_RG/providers/Microsoft.Network/networkSecurityGroups/PublicNSG",
            "timeouts": null
          },
          "sensitive_attributes": [],
          "identity_schema_version": 0,
          "private": "eyJlMmJmYjczMC1lY2FhLTExZTYtOGY4OC0zNDM2M2JjN2M0YzAiOnsiY3JlYXRlIjoxODAwMDAwMDAwMDAwLCJkZWxldGUiOjE4MDAwMDAwMDAwMDAsInJlYWQiOjMwMDAwMDAwMDAwMH19",
          "dependencies": [
            "azurerm_network_interface.PublicNIC",
            "azurerm_network_security_group.public_nsg",
            "azurerm_resource_group.main",
            "azurerm_subnet.Public",
            "azurerm_virtual_network.main"
          ]
        }
      ]
    },
    {
      "mode": "managed",
      "type": "azurerm_network_security_group",
      "name": "public_nsg",
      "provider": "provider[\"registry.terraform.io/hashicorp/azurerm\"]",
      "instances": [
        {
          "schema_version": 0,
          "attributes": {
            "id": "/subscriptions/52c1c7f5-b02e-454d-ae5b-eab22b307959/resourceGroups/Test_RG/providers/Microsoft.Network/networkSecurityGroups/PublicNSG",
            "location": "centralindia",
            "name": "PublicNSG",
            "resource_group_name": "Test_RG",
            "security_rule": [
              {
                "access": "Allow",
                "description": "",
                "destination_address_prefix": "*",
                "destination_address_prefixes": [],
                "destination_application_security_group_ids": [],
                "destination_port_range": "22",
                "destination_port_ranges": [],
                "direction": "Inbound",
                "name": "AllowSSH",
                "priority": 110,
                "protocol": "Tcp",
                "source_address_prefix": "*",
                "source_address_prefixes": [],
                "source_application_security_group_ids": [],
                "source_port_range": "*",
                "source_port_ranges": []
              },
              {
                "access": "Allow",
                "description": "",
                "destination_address_prefix": "*",
                "destination_address_prefixes": [],
                "destination_application_security_group_ids": [],
                "destination_port_range": "80",
                "destination_port_ranges": [],
                "direction": "Inbound",
                "name": "AllowHTTP",
                "priority": 100,
                "protocol": "Tcp",
                "source_address_prefix": "*",
                "source_address_prefixes": [],
                "source_application_security_group_ids": [],
                "source_port_range": "*",
                "source_port_ranges": []
              }
            ],
            "tags": {},
            "timeouts": null
          },
          "sensitive_attributes": [],
          "identity_schema_version": 0,
          "private": "eyJlMmJmYjczMC1lY2FhLTExZTYtOGY4OC0zNDM2M2JjN2M0YzAiOnsiY3JlYXRlIjoxODAwMDAwMDAwMDAwLCJkZWxldGUiOjE4MDAwMDAwMDAwMDAsInJlYWQiOjMwMDAwMDAwMDAwMCwidXBkYXRlIjoxODAwMDAwMDAwMDAwfX0=",
          "dependencies": [
            "azurerm_resource_group.main"
          ]
        }
      ]
    },
    {
      "mode": "managed",
      "type": "azurerm_private_dns_a_record",
      "name": "sql_dns_a_record",
      "provider": "provider[\"registry.terraform.io/hashicorp/azurerm\"]",
      "instances": [
        {
          "schema_version": 0,
          "attributes": {
            "fqdn": "dbserver-sql.privatelink.database.windows.net.",
            "id": "/subscriptions/52c1c7f5-b02e-454d-ae5b-eab22b307959/resourceGroups/Test_RG/providers/Microsoft.Network/privateDnsZones/privatelink.database.windows.net/A/dbserver-sql",
            "name": "dbserver-sql",
            "records": [
              "10.0.50.4"
            ],
            "resource_group_name": "Test_RG",
            "tags": {},
            "timeouts": null,
            "ttl": 300,
            "zone_name": "privatelink.database.windows.net"
          },
          "sensitive_attributes": [],
          "identity_schema_version": 0,
          "private": "eyJlMmJmYjczMC1lY2FhLTExZTYtOGY4OC0zNDM2M2JjN2M0YzAiOnsiY3JlYXRlIjoxODAwMDAwMDAwMDAwLCJkZWxldGUiOjE4MDAwMDAwMDAwMDAsInJlYWQiOjMwMDAwMDAwMDAwMCwidXBkYXRlIjoxODAwMDAwMDAwMDAwfX0=",
          "dependencies": [
            "azurerm_mssql_server.db_server",
            "azurerm_private_dns_zone.sql_dns",
            "azurerm_private_endpoint.sql_private_endpoint",
            "azurerm_resource_group.main",
            "azurerm_subnet.DB",
            "azurerm_virtual_network.main"
          ]
        }
      ]
    },
    {
      "mode": "managed",
      "type": "azurerm_private_dns_zone",
      "name": "sql_dns",
      "provider": "provider[\"registry.terraform.io/hashicorp/azurerm\"]",
      "instances": [
        {
          "schema_version": 0,
          "attributes": {
            "id": "/subscriptions/52c1c7f5-b02e-454d-ae5b-eab22b307959/resourceGroups/Test_RG/providers/Microsoft.Network/privateDnsZones/privatelink.database.windows.net",
            "max_number_of_record_sets": 25000,
            "max_number_of_virtual_network_links": 1000,
            "max_number_of_virtual_network_links_with_registration": 100,
            "name": "privatelink.database.windows.net",
            "number_of_record_sets": 2,
            "resource_group_name": "Test_RG",
            "soa_record": [
              {
                "email": "azureprivatedns-host.microsoft.com",
                "expire_time": 2419200,
                "fqdn": "privatelink.database.windows.net.",
                "host_name": "azureprivatedns.net",
                "minimum_ttl": 10,
                "refresh_time": 3600,
                "retry_time": 300,
                "serial_number": 1,
                "tags": {},
                "ttl": 3600
              }
            ],
            "tags": {},
            "timeouts": null
          },
          "sensitive_attributes": [],
          "identity_schema_version": 0,
          "private": "eyJlMmJmYjczMC1lY2FhLTExZTYtOGY4OC0zNDM2M2JjN2M0YzAiOnsiY3JlYXRlIjoxODAwMDAwMDAwMDAwLCJkZWxldGUiOjE4MDAwMDAwMDAwMDAsInJlYWQiOjMwMDAwMDAwMDAwMCwidXBkYXRlIjoxODAwMDAwMDAwMDAwfX0=",
          "dependencies": [
            "azurerm_resource_group.main"
          ]
        }
      ]
    },
    {
      "mode": "managed",
      "type": "azurerm_private_dns_zone_virtual_network_link",
      "name": "sql_dns_link",
      "provider": "provider[\"registry.terraform.io/hashicorp/azurerm\"]",
      "instances": [
        {
          "schema_version": 0,
          "attributes": {
            "id": "/subscriptions/52c1c7f5-b02e-454d-ae5b-eab22b307959/resourceGroups/Test_RG/providers/Microsoft.Network/privateDnsZones/privatelink.database.windows.net/virtualNetworkLinks/sql-dns-link",
            "name": "sql-dns-link",
            "private_dns_zone_name": "privatelink.database.windows.net",
            "registration_enabled": false,
            "resource_group_name": "Test_RG",
            "tags": {},
            "timeouts": null,
            "virtual_network_id": "/subscriptions/52c1c7f5-b02e-454d-ae5b-eab22b307959/resourceGroups/Test_RG/providers/Microsoft.Network/virtualNetworks/Test_VNet"
          },
          "sensitive_attributes": [],
          "identity_schema_version": 0,
          "private": "eyJlMmJmYjczMC1lY2FhLTExZTYtOGY4OC0zNDM2M2JjN2M0YzAiOnsiY3JlYXRlIjoxODAwMDAwMDAwMDAwLCJkZWxldGUiOjE4MDAwMDAwMDAwMDAsInJlYWQiOjMwMDAwMDAwMDAwMCwidXBkYXRlIjoxODAwMDAwMDAwMDAwfX0=",
          "dependencies": [
            "azurerm_private_dns_zone.sql_dns",
            "azurerm_resource_group.main",
            "azurerm_virtual_network.main"
          ]
        }
      ]
    },
    {
      "mode": "managed",
      "type": "azurerm_private_endpoint",
      "name": "sql_private_endpoint",
      "provider": "provider[\"registry.terraform.io/hashicorp/azurerm\"]",
      "instances": [
        {
          "schema_version": 0,
          "attributes": {
            "custom_dns_configs": [
              {
                "fqdn": "dbserver-sql.database.windows.net",
                "ip_addresses": [
                  "10.0.50.4"
                ]
              }
            ],
            "custom_network_interface_name": "",
            "id": "/subscriptions/52c1c7f5-b02e-454d-ae5b-eab22b307959/resourceGroups/Test_RG/providers/Microsoft.Network/privateEndpoints/sql-db-private-endpoint",
            "ip_configuration": [],
            "location": "centralindia",
            "name": "sql-db-private-endpoint",
            "network_interface": [
              {
                "id": "/subscriptions/52c1c7f5-b02e-454d-ae5b-eab22b307959/resourceGroups/Test_RG/providers/Microsoft.Network/networkInterfaces/sql-db-private-endpoint.nic.886d6b96-6b21-45a2-ba1b-313e56b1e3c1",
                "name": "sql-db-private-endpoint.nic.886d6b96-6b21-45a2-ba1b-313e56b1e3c1"
              }
            ],
            "private_dns_zone_configs": [],
            "private_dns_zone_group": [],
            "private_service_connection": [
              {
                "is_manual_connection": false,
                "name": "sql-db-privateserviceconnection",
                "private_connection_resource_alias": "",
                "private_connection_resource_id": "/subscriptions/52c1c7f5-b02e-454d-ae5b-eab22b307959/resourceGroups/Test_RG/providers/Microsoft.Sql/servers/dbserver-sql",
                "private_ip_address": "10.0.50.4",
                "request_message": "",
                "subresource_names": [
                  "sqlServer"
                ]
              }
            ],
            "resource_group_name": "Test_RG",
            "subnet_id": "/subscriptions/52c1c7f5-b02e-454d-ae5b-eab22b307959/resourceGroups/Test_RG/providers/Microsoft.Network/virtualNetworks/Test_VNet/subnets/DB_Subnet-0",
            "tags": {},
            "timeouts": null
          },
          "sensitive_attributes": [],
          "identity_schema_version": 0,
          "private": "eyJlMmJmYjczMC1lY2FhLTExZTYtOGY4OC0zNDM2M2JjN2M0YzAiOnsiY3JlYXRlIjozNjAwMDAwMDAwMDAwLCJkZWxldGUiOjM2MDAwMDAwMDAwMDAsInJlYWQiOjMwMDAwMDAwMDAwMCwidXBkYXRlIjozNjAwMDAwMDAwMDAwfX0=",
          "dependencies": [
            "azurerm_mssql_server.db_server",
            "azurerm_resource_group.main",
            "azurerm_subnet.DB",
            "azurerm_virtual_network.main"
          ]
        }
      ]
    },
    {
      "mode": "managed",
      "type": "azurerm_public_ip",
      "name": "PublicIP",
      "provider": "provider[\"registry.terraform.io/hashicorp/azurerm\"]",
      "instances": [
        {
          "schema_version": 0,
          "attributes": {
            "allocation_method": "Static",
            "ddos_protection_mode": "VirtualNetworkInherited",
            "ddos_protection_plan_id": null,
            "domain_name_label": null,
            "edge_zone": "",
            "fqdn": null,
            "id": "/subscriptions/52c1c7f5-b02e-454d-ae5b-eab22b307959/resourceGroups/Test_RG/providers/Microsoft.Network/publicIPAddresses/WebserverPublicIP1",
            "idle_timeout_in_minutes": 4,
            "ip_address": "52.172.203.70",
            "ip_tags": {},
            "ip_version": "IPv4",
            "location": "centralindia",
            "name": "WebserverPublicIP1",
            "public_ip_prefix_id": null,
            "resource_group_name": "Test_RG",
            "reverse_fqdn": null,
            "sku": "Standard",
            "sku_tier": "Regional",
            "tags": {},
            "timeouts": null,
            "zones": []
          },
          "sensitive_attributes": [],
          "identity_schema_version": 0,
          "private": "eyJlMmJmYjczMC1lY2FhLTExZTYtOGY4OC0zNDM2M2JjN2M0YzAiOnsiY3JlYXRlIjoxODAwMDAwMDAwMDAwLCJkZWxldGUiOjE4MDAwMDAwMDAwMDAsInJlYWQiOjMwMDAwMDAwMDAwMCwidXBkYXRlIjoxODAwMDAwMDAwMDAwfX0=",
          "dependencies": [
            "azurerm_resource_group.main"
          ]
        }
      ]
    },
    {
      "mode": "managed",
      "type": "azurerm_resource_group",
      "name": "main",
      "provider": "provider[\"registry.terraform.io/hashicorp/azurerm\"]",
      "instances": [
        {
          "schema_version": 0,
          "attributes": {
            "id": "/subscriptions/52c1c7f5-b02e-454d-ae5b-eab22b307959/resourceGroups/Test_RG",
            "location": "centralindia",
            "managed_by": "",
            "name": "Test_RG",
            "tags": {},
            "timeouts": null
          },
          "sensitive_attributes": [],
          "identity_schema_version": 0,
          "private": "eyJlMmJmYjczMC1lY2FhLTExZTYtOGY4OC0zNDM2M2JjN2M0YzAiOnsiY3JlYXRlIjo1NDAwMDAwMDAwMDAwLCJkZWxldGUiOjU0MDAwMDAwMDAwMDAsInJlYWQiOjMwMDAwMDAwMDAwMCwidXBkYXRlIjo1NDAwMDAwMDAwMDAwfX0="
        }
      ]
    },
    {
      "mode": "managed",
      "type": "azurerm_subnet",
      "name": "DB",
      "provider": "provider[\"registry.terraform.io/hashicorp/azurerm\"]",
      "instances": [
        {
          "index_key": 0,
          "schema_version": 0,
          "attributes": {
            "address_prefixes": [
              "10.0.50.0/24"
            ],
            "default_outbound_access_enabled": true,
            "delegation": [],
            "enforce_private_link_endpoint_network_policies": false,
            "enforce_private_link_service_network_policies": false,
            "id": "/subscriptions/52c1c7f5-b02e-454d-ae5b-eab22b307959/resourceGroups/Test_RG/providers/Microsoft.Network/virtualNetworks/Test_VNet/subnets/DB_Subnet-0",
            "name": "DB_Subnet-0",
            "private_endpoint_network_policies": "Enabled",
            "private_endpoint_network_policies_enabled": true,
            "private_link_service_network_policies_enabled": true,
            "resource_group_name": "Test_RG",
            "service_endpoint_policy_ids": [],
            "service_endpoints": [],
            "timeouts": null,
            "virtual_network_name": "Test_VNet"
          },
          "sensitive_attributes": [],
          "identity_schema_version": 0,
          "private": "eyJlMmJmYjczMC1lY2FhLTExZTYtOGY4OC0zNDM2M2JjN2M0YzAiOnsiY3JlYXRlIjoxODAwMDAwMDAwMDAwLCJkZWxldGUiOjE4MDAwMDAwMDAwMDAsInJlYWQiOjMwMDAwMDAwMDAwMCwidXBkYXRlIjoxODAwMDAwMDAwMDAwfX0=",
          "dependencies": [
            "azurerm_resource_group.main",
            "azurerm_virtual_network.main"
          ]
        },
        {
          "index_key": 1,
          "schema_version": 0,
          "attributes": {
            "address_prefixes": [
              "10.0.60.0/24"
            ],
            "default_outbound_access_enabled": true,
            "delegation": [],
            "enforce_private_link_endpoint_network_policies": false,
            "enforce_private_link_service_network_policies": false,
            "id": "/subscriptions/52c1c7f5-b02e-454d-ae5b-eab22b307959/resourceGroups/Test_RG/providers/Microsoft.Network/virtualNetworks/Test_VNet/subnets/DB_Subnet-1",
            "name": "DB_Subnet-1",
            "private_endpoint_network_policies": "Enabled",
            "private_endpoint_network_policies_enabled": true,
            "private_link_service_network_policies_enabled": true,
            "resource_group_name": "Test_RG",
            "service_endpoint_policy_ids": [],
            "service_endpoints": [],
            "timeouts": null,
            "virtual_network_name": "Test_VNet"
          },
          "sensitive_attributes": [],
          "identity_schema_version": 0,
          "private": "eyJlMmJmYjczMC1lY2FhLTExZTYtOGY4OC0zNDM2M2JjN2M0YzAiOnsiY3JlYXRlIjoxODAwMDAwMDAwMDAwLCJkZWxldGUiOjE4MDAwMDAwMDAwMDAsInJlYWQiOjMwMDAwMDAwMDAwMCwidXBkYXRlIjoxODAwMDAwMDAwMDAwfX0=",
          "dependencies": [
            "azurerm_resource_group.main",
            "azurerm_virtual_network.main"
          ]
        }
      ]
    },
    {
      "mode": "managed",
      "type": "azurerm_subnet",
      "name": "Private",
      "provider": "provider[\"registry.terraform.io/hashicorp/azurerm\"]",
      "instances": [
        {
          "index_key": 0,
          "schema_version": 0,
          "attributes": {
            "address_prefixes": [
              "10.0.30.0/24"
            ],
            "default_outbound_access_enabled": true,
            "delegation": [],
            "enforce_private_link_endpoint_network_policies": false,
            "enforce_private_link_service_network_policies": false,
            "id": "/subscriptions/52c1c7f5-b02e-454d-ae5b-eab22b307959/resourceGroups/Test_RG/providers/Microsoft.Network/virtualNetworks/Test_VNet/subnets/Private_Subnet-0",
            "name": "Private_Subnet-0",
            "private_endpoint_network_policies": "Enabled",
            "private_endpoint_network_policies_enabled": true,
            "private_link_service_network_policies_enabled": true,
            "resource_group_name": "Test_RG",
            "service_endpoint_policy_ids": [],
            "service_endpoints": [],
            "timeouts": null,
            "virtual_network_name": "Test_VNet"
          },
          "sensitive_attributes": [],
          "identity_schema_version": 0,
          "private": "eyJlMmJmYjczMC1lY2FhLTExZTYtOGY4OC0zNDM2M2JjN2M0YzAiOnsiY3JlYXRlIjoxODAwMDAwMDAwMDAwLCJkZWxldGUiOjE4MDAwMDAwMDAwMDAsInJlYWQiOjMwMDAwMDAwMDAwMCwidXBkYXRlIjoxODAwMDAwMDAwMDAwfX0=",
          "dependencies": [
            "azurerm_resource_group.main",
            "azurerm_virtual_network.main"
          ]
        },
        {
          "index_key": 1,
          "schema_version": 0,
          "attributes": {
            "address_prefixes": [
              "10.0.40.0/24"
            ],
            "default_outbound_access_enabled": true,
            "delegation": [],
            "enforce_private_link_endpoint_network_policies": false,
            "enforce_private_link_service_network_policies": false,
            "id": "/subscriptions/52c1c7f5-b02e-454d-ae5b-eab22b307959/resourceGroups/Test_RG/providers/Microsoft.Network/virtualNetworks/Test_VNet/subnets/Private_Subnet-1",
            "name": "Private_Subnet-1",
            "private_endpoint_network_policies": "Enabled",
            "private_endpoint_network_policies_enabled": true,
            "private_link_service_network_policies_enabled": true,
            "resource_group_name": "Test_RG",
            "service_endpoint_policy_ids": [],
            "service_endpoints": [],
            "timeouts": null,
            "virtual_network_name": "Test_VNet"
          },
          "sensitive_attributes": [],
          "identity_schema_version": 0,
          "private": "eyJlMmJmYjczMC1lY2FhLTExZTYtOGY4OC0zNDM2M2JjN2M0YzAiOnsiY3JlYXRlIjoxODAwMDAwMDAwMDAwLCJkZWxldGUiOjE4MDAwMDAwMDAwMDAsInJlYWQiOjMwMDAwMDAwMDAwMCwidXBkYXRlIjoxODAwMDAwMDAwMDAwfX0=",
          "dependencies": [
            "azurerm_resource_group.main",
            "azurerm_virtual_network.main"
          ]
        }
      ]
    },
    {
      "mode": "managed",
      "type": "azurerm_subnet",
      "name": "Public",
      "provider": "provider[\"registry.terraform.io/hashicorp/azurerm\"]",
      "instances": [
        {
          "index_key": 0,
          "schema_version": 0,
          "attributes": {
            "address_prefixes": [
              "10.0.10.0/24"
            ],
            "default_outbound_access_enabled": true,
            "delegation": [],
            "enforce_private_link_endpoint_network_policies": false,
            "enforce_private_link_service_network_policies": false,
            "id": "/subscriptions/52c1c7f5-b02e-454d-ae5b-eab22b307959/resourceGroups/Test_RG/providers/Microsoft.Network/virtualNetworks/Test_VNet/subnets/Public_Subnet-0",
            "name": "Public_Subnet-0",
            "private_endpoint_network_policies": "Enabled",
            "private_endpoint_network_policies_enabled": true,
            "private_link_service_network_policies_enabled": true,
            "resource_group_name": "Test_RG",
            "service_endpoint_policy_ids": [],
            "service_endpoints": [],
            "timeouts": null,
            "virtual_network_name": "Test_VNet"
          },
          "sensitive_attributes": [],
          "identity_schema_version": 0,
          "private": "eyJlMmJmYjczMC1lY2FhLTExZTYtOGY4OC0zNDM2M2JjN2M0YzAiOnsiY3JlYXRlIjoxODAwMDAwMDAwMDAwLCJkZWxldGUiOjE4MDAwMDAwMDAwMDAsInJlYWQiOjMwMDAwMDAwMDAwMCwidXBkYXRlIjoxODAwMDAwMDAwMDAwfX0=",
          "dependencies": [
            "azurerm_resource_group.main",
            "azurerm_virtual_network.main"
          ]
        },
        {
          "index_key": 1,
          "schema_version": 0,
          "attributes": {
            "address_prefixes": [
              "10.0.20.0/24"
            ],
            "default_outbound_access_enabled": true,
            "delegation": [],
            "enforce_private_link_endpoint_network_policies": false,
            "enforce_private_link_service_network_policies": false,
            "id": "/subscriptions/52c1c7f5-b02e-454d-ae5b-eab22b307959/resourceGroups/Test_RG/providers/Microsoft.Network/virtualNetworks/Test_VNet/subnets/Public_Subnet-1",
            "name": "Public_Subnet-1",
            "private_endpoint_network_policies": "Enabled",
            "private_endpoint_network_policies_enabled": true,
            "private_link_service_network_policies_enabled": true,
            "resource_group_name": "Test_RG",
            "service_endpoint_policy_ids": [],
            "service_endpoints": [],
            "timeouts": null,
            "virtual_network_name": "Test_VNet"
          },
          "sensitive_attributes": [],
          "identity_schema_version": 0,
          "private": "eyJlMmJmYjczMC1lY2FhLTExZTYtOGY4OC0zNDM2M2JjN2M0YzAiOnsiY3JlYXRlIjoxODAwMDAwMDAwMDAwLCJkZWxldGUiOjE4MDAwMDAwMDAwMDAsInJlYWQiOjMwMDAwMDAwMDAwMCwidXBkYXRlIjoxODAwMDAwMDAwMDAwfX0=",
          "dependencies": [
            "azurerm_resource_group.main",
            "azurerm_virtual_network.main"
          ]
        }
      ]
    },
    {
      "mode": "managed",
      "type": "azurerm_virtual_machine_data_disk_attachment",
      "name": "public_data_disk_attach",
      "provider": "provider[\"registry.terraform.io/hashicorp/azurerm\"]",
      "instances": [
        {
          "schema_version": 0,
          "attributes": {
            "caching": "ReadWrite",
            "create_option": "Attach",
            "id": "/subscriptions/52c1c7f5-b02e-454d-ae5b-eab22b307959/resourceGroups/Test_RG/providers/Microsoft.Compute/virtualMachines/PublicVM1/dataDisks/Publicserver-datadisk-vm",
            "lun": 0,
            "managed_disk_id": "/subscriptions/52c1c7f5-b02e-454d-ae5b-eab22b307959/resourceGroups/Test_RG/providers/Microsoft.Compute/disks/Publicserver-datadisk-vm",
            "timeouts": null,
            "virtual_machine_id": "/subscriptions/52c1c7f5-b02e-454d-ae5b-eab22b307959/resourceGroups/Test_RG/providers/Microsoft.Compute/virtualMachines/PublicVM1",
            "write_accelerator_enabled": false
          },
          "sensitive_attributes": [],
          "identity_schema_version": 0,
          "private": "eyJlMmJmYjczMC1lY2FhLTExZTYtOGY4OC0zNDM2M2JjN2M0YzAiOnsiY3JlYXRlIjoxODAwMDAwMDAwMDAwLCJkZWxldGUiOjE4MDAwMDAwMDAwMDAsInJlYWQiOjMwMDAwMDAwMDAwMCwidXBkYXRlIjoxODAwMDAwMDAwMDAwfX0=",
          "dependencies": [
            "azurerm_linux_virtual_machine.PublicVM",
            "azurerm_managed_disk.public_data_disk",
            "azurerm_network_interface.PublicNIC",
            "azurerm_resource_group.main",
            "azurerm_subnet.Public",
            "azurerm_virtual_network.main"
          ]
        }
      ]
    },
    {
      "mode": "managed",
      "type": "azurerm_virtual_network",
      "name": "main",
      "provider": "provider[\"registry.terraform.io/hashicorp/azurerm\"]",
      "instances": [
        {
          "schema_version": 0,
          "attributes": {
            "address_space": [
              "10.0.0.0/16"
            ],
            "bgp_community": "",
            "ddos_protection_plan": [],
            "dns_servers": [],
            "edge_zone": "",
            "encryption": [],
            "flow_timeout_in_minutes": 0,
            "guid": "72eb9b58-cab2-4892-b11d-71133f17f8e8",
            "id": "/subscriptions/52c1c7f5-b02e-454d-ae5b-eab22b307959/resourceGroups/Test_RG/providers/Microsoft.Network/virtualNetworks/Test_VNet",
            "location": "centralindia",
            "name": "Test_VNet",
            "resource_group_name": "Test_RG",
            "subnet": [
              {
                "address_prefix": "10.0.10.0/24",
                "id": "/subscriptions/52c1c7f5-b02e-454d-ae5b-eab22b307959/resourceGroups/Test_RG/providers/Microsoft.Network/virtualNetworks/Test_VNet/subnets/Public_Subnet-0",
                "name": "Public_Subnet-0",
                "security_group": ""
              },
              {
                "address_prefix": "10.0.20.0/24",
                "id": "/subscriptions/52c1c7f5-b02e-454d-ae5b-eab22b307959/resourceGroups/Test_RG/providers/Microsoft.Network/virtualNetworks/Test_VNet/subnets/Public_Subnet-1",
                "name": "Public_Subnet-1",
                "security_group": ""
              },
              {
                "address_prefix": "10.0.30.0/24",
                "id": "/subscriptions/52c1c7f5-b02e-454d-ae5b-eab22b307959/resourceGroups/Test_RG/providers/Microsoft.Network/virtualNetworks/Test_VNet/subnets/Private_Subnet-0",
                "name": "Private_Subnet-0",
                "security_group": ""
              },
              {
                "address_prefix": "10.0.40.0/24",
                "id": "/subscriptions/52c1c7f5-b02e-454d-ae5b-eab22b307959/resourceGroups/Test_RG/providers/Microsoft.Network/virtualNetworks/Test_VNet/subnets/Private_Subnet-1",
                "name": "Private_Subnet-1",
                "security_group": ""
              },
              {
                "address_prefix": "10.0.50.0/24",
                "id": "/subscriptions/52c1c7f5-b02e-454d-ae5b-eab22b307959/resourceGroups/Test_RG/providers/Microsoft.Network/virtualNetworks/Test_VNet/subnets/DB_Subnet-0",
                "name": "DB_Subnet-0",
                "security_group": ""
              },
              {
                "address_prefix": "10.0.60.0/24",
                "id": "/subscriptions/52c1c7f5-b02e-454d-ae5b-eab22b307959/resourceGroups/Test_RG/providers/Microsoft.Network/virtualNetworks/Test_VNet/subnets/DB_Subnet-1",
                "name": "DB_Subnet-1",
                "security_group": ""
              }
            ],
            "tags": {},
            "timeouts": null
          },
          "sensitive_attributes": [],
          "identity_schema_version": 0,
          "private": "eyJlMmJmYjczMC1lY2FhLTExZTYtOGY4OC0zNDM2M2JjN2M0YzAiOnsiY3JlYXRlIjoxODAwMDAwMDAwMDAwLCJkZWxldGUiOjE4MDAwMDAwMDAwMDAsInJlYWQiOjMwMDAwMDAwMDAwMCwidXBkYXRlIjoxODAwMDAwMDAwMDAwfX0=",
          "dependencies": [
            "azurerm_resource_group.main"
          ]
        }
      ]
    }
  ],
  "check_results": null
}
